// !$*UTF8*$!
{
	archiveVersion = 1;
	classes = {
	};
	objectVersion = 54;
	objects = {

/* Begin PBXBuildFile section */
		C2290FC6277C27AF00A1C3B9 /* FirstMenu.swift in Sources */ = {isa = PBXBuildFile; fileRef = C2290FC5277C27AF00A1C3B9 /* FirstMenu.swift */; };
		C2290FC7277C2D5700A1C3B9 /* FirstMenu.swift in Sources */ = {isa = PBXBuildFile; fileRef = C2290FC5277C27AF00A1C3B9 /* FirstMenu.swift */; };
		C2290FC8277C2D5800A1C3B9 /* FirstMenu.swift in Sources */ = {isa = PBXBuildFile; fileRef = C2290FC5277C27AF00A1C3B9 /* FirstMenu.swift */; };
		C2290FC9277C2D5800A1C3B9 /* FirstMenu.swift in Sources */ = {isa = PBXBuildFile; fileRef = C2290FC5277C27AF00A1C3B9 /* FirstMenu.swift */; };
		C23A9D97277D551C0002D39E /* AddScoreTests.swift in Sources */ = {isa = PBXBuildFile; fileRef = C23A9D96277D551C0002D39E /* AddScoreTests.swift */; };
		C245DE732779AB3000DBBBD2 /* CheckFirstMenuInput.swift in Sources */ = {isa = PBXBuildFile; fileRef = C245DE722779AB3000DBBBD2 /* CheckFirstMenuInput.swift */; };
		C245DE772779AB3500DBBBD2 /* main.swift in Sources */ = {isa = PBXBuildFile; fileRef = C7912FBD277479C20027600C /* main.swift */; };
		C245DE7F277AA16C00DBBBD2 /* AddStudentTests.swift in Sources */ = {isa = PBXBuildFile; fileRef = C245DE7E277AA16C00DBBBD2 /* AddStudentTests.swift */; };
		C245DE85277AA20F00DBBBD2 /* ScoreStorage.swift in Sources */ = {isa = PBXBuildFile; fileRef = C245DE84277AA20F00DBBBD2 /* ScoreStorage.swift */; };
		C245DE86277AA21100DBBBD2 /* ScoreStorage.swift in Sources */ = {isa = PBXBuildFile; fileRef = C245DE84277AA20F00DBBBD2 /* ScoreStorage.swift */; };
		C245DE88277AA46400DBBBD2 /* ScoreManager.swift in Sources */ = {isa = PBXBuildFile; fileRef = C245DE87277AA46400DBBBD2 /* ScoreManager.swift */; };
		C245DE89277AA49D00DBBBD2 /* ScoreManager.swift in Sources */ = {isa = PBXBuildFile; fileRef = C245DE87277AA46400DBBBD2 /* ScoreManager.swift */; };
		C245DE91277AA55900DBBBD2 /* DeleteStudentTests.swift in Sources */ = {isa = PBXBuildFile; fileRef = C245DE90277AA55900DBBBD2 /* DeleteStudentTests.swift */; };
		C245DE95277AA56100DBBBD2 /* ScoreStorage.swift in Sources */ = {isa = PBXBuildFile; fileRef = C245DE84277AA20F00DBBBD2 /* ScoreStorage.swift */; };
		C245DE96277AA7CD00DBBBD2 /* main.swift in Sources */ = {isa = PBXBuildFile; fileRef = C7912FBD277479C20027600C /* main.swift */; };
		C245DE97277AA7CD00DBBBD2 /* main.swift in Sources */ = {isa = PBXBuildFile; fileRef = C7912FBD277479C20027600C /* main.swift */; };
		C245DE98277AA7D000DBBBD2 /* ScoreManager.swift in Sources */ = {isa = PBXBuildFile; fileRef = C245DE87277AA46400DBBBD2 /* ScoreManager.swift */; };
		C245DE99277AA7D100DBBBD2 /* ScoreManager.swift in Sources */ = {isa = PBXBuildFile; fileRef = C245DE87277AA46400DBBBD2 /* ScoreManager.swift */; };
		C245DE9A277AA7D400DBBBD2 /* ScoreStorage.swift in Sources */ = {isa = PBXBuildFile; fileRef = C245DE84277AA20F00DBBBD2 /* ScoreStorage.swift */; };
		C7912FBE277479C20027600C /* main.swift in Sources */ = {isa = PBXBuildFile; fileRef = C7912FBD277479C20027600C /* main.swift */; };
/* End PBXBuildFile section */

/* Begin PBXCopyFilesBuildPhase section */
		C7912FB8277479C20027600C /* CopyFiles */ = {
			isa = PBXCopyFilesBuildPhase;
			buildActionMask = 2147483647;
			dstPath = /usr/share/man/man1/;
			dstSubfolderSpec = 0;
			files = (
			);
			runOnlyForDeploymentPostprocessing = 1;
		};
/* End PBXCopyFilesBuildPhase section */

/* Begin PBXFileReference section */
		C2290FC5277C27AF00A1C3B9 /* FirstMenu.swift */ = {isa = PBXFileReference; lastKnownFileType = sourcecode.swift; path = FirstMenu.swift; sourceTree = "<group>"; };
		C23A9D96277D551C0002D39E /* AddScoreTests.swift */ = {isa = PBXFileReference; lastKnownFileType = sourcecode.swift; path = AddScoreTests.swift; sourceTree = "<group>"; };
		C245DE702779AB3000DBBBD2 /* FilterSelectionMenu.xctest */ = {isa = PBXFileReference; explicitFileType = wrapper.cfbundle; includeInIndex = 0; path = FilterSelectionMenu.xctest; sourceTree = BUILT_PRODUCTS_DIR; };
		C245DE722779AB3000DBBBD2 /* CheckFirstMenuInput.swift */ = {isa = PBXFileReference; lastKnownFileType = sourcecode.swift; path = CheckFirstMenuInput.swift; sourceTree = "<group>"; };
		C245DE7C277AA16C00DBBBD2 /* AddStudentTests.xctest */ = {isa = PBXFileReference; explicitFileType = wrapper.cfbundle; includeInIndex = 0; path = AddStudentTests.xctest; sourceTree = BUILT_PRODUCTS_DIR; };
		C245DE7E277AA16C00DBBBD2 /* AddStudentTests.swift */ = {isa = PBXFileReference; lastKnownFileType = sourcecode.swift; path = AddStudentTests.swift; sourceTree = "<group>"; };
		C245DE84277AA20F00DBBBD2 /* ScoreStorage.swift */ = {isa = PBXFileReference; lastKnownFileType = sourcecode.swift; path = ScoreStorage.swift; sourceTree = "<group>"; };
		C245DE87277AA46400DBBBD2 /* ScoreManager.swift */ = {isa = PBXFileReference; lastKnownFileType = sourcecode.swift; path = ScoreManager.swift; sourceTree = "<group>"; };
		C245DE8E277AA55900DBBBD2 /* DeleteStudentTests.xctest */ = {isa = PBXFileReference; explicitFileType = wrapper.cfbundle; includeInIndex = 0; path = DeleteStudentTests.xctest; sourceTree = BUILT_PRODUCTS_DIR; };
		C245DE90277AA55900DBBBD2 /* DeleteStudentTests.swift */ = {isa = PBXFileReference; lastKnownFileType = sourcecode.swift; path = DeleteStudentTests.swift; sourceTree = "<group>"; };
		C7912FBA277479C20027600C /* GradeManager */ = {isa = PBXFileReference; explicitFileType = "compiled.mach-o.executable"; includeInIndex = 0; path = GradeManager; sourceTree = BUILT_PRODUCTS_DIR; };
		C7912FBD277479C20027600C /* main.swift */ = {isa = PBXFileReference; lastKnownFileType = sourcecode.swift; path = main.swift; sourceTree = "<group>"; };
/* End PBXFileReference section */

/* Begin PBXFrameworksBuildPhase section */
		C245DE6D2779AB3000DBBBD2 /* Frameworks */ = {
			isa = PBXFrameworksBuildPhase;
			buildActionMask = 2147483647;
			files = (
			);
			runOnlyForDeploymentPostprocessing = 0;
		};
		C245DE79277AA16C00DBBBD2 /* Frameworks */ = {
			isa = PBXFrameworksBuildPhase;
			buildActionMask = 2147483647;
			files = (
			);
			runOnlyForDeploymentPostprocessing = 0;
		};
		C245DE8B277AA55900DBBBD2 /* Frameworks */ = {
			isa = PBXFrameworksBuildPhase;
			buildActionMask = 2147483647;
			files = (
			);
			runOnlyForDeploymentPostprocessing = 0;
		};
		C7912FB7277479C20027600C /* Frameworks */ = {
			isa = PBXFrameworksBuildPhase;
			buildActionMask = 2147483647;
			files = (
			);
			runOnlyForDeploymentPostprocessing = 0;
		};
/* End PBXFrameworksBuildPhase section */

/* Begin PBXGroup section */
		C245DE712779AB3000DBBBD2 /* FilterSelectionMenu */ = {
			isa = PBXGroup;
			children = (
				C245DE722779AB3000DBBBD2 /* CheckFirstMenuInput.swift */,
			);
			path = FilterSelectionMenu;
			sourceTree = "<group>";
		};
		C245DE7D277AA16C00DBBBD2 /* AddStudentTests */ = {
			isa = PBXGroup;
			children = (
				C245DE7E277AA16C00DBBBD2 /* AddStudentTests.swift */,
				C23A9D96277D551C0002D39E /* AddScoreTests.swift */,
			);
			path = AddStudentTests;
			sourceTree = "<group>";
		};
		C245DE8F277AA55900DBBBD2 /* DeleteStudentTests */ = {
			isa = PBXGroup;
			children = (
				C245DE90277AA55900DBBBD2 /* DeleteStudentTests.swift */,
			);
			path = DeleteStudentTests;
			sourceTree = "<group>";
		};
		C7912FB1277479C20027600C = {
			isa = PBXGroup;
			children = (
				C7912FBC277479C20027600C /* GradeManager */,
				C245DE712779AB3000DBBBD2 /* FilterSelectionMenu */,
				C245DE7D277AA16C00DBBBD2 /* AddStudentTests */,
				C245DE8F277AA55900DBBBD2 /* DeleteStudentTests */,
				C7912FBB277479C20027600C /* Products */,
			);
			sourceTree = "<group>";
		};
		C7912FBB277479C20027600C /* Products */ = {
			isa = PBXGroup;
			children = (
				C7912FBA277479C20027600C /* GradeManager */,
				C245DE702779AB3000DBBBD2 /* FilterSelectionMenu.xctest */,
				C245DE7C277AA16C00DBBBD2 /* AddStudentTests.xctest */,
				C245DE8E277AA55900DBBBD2 /* DeleteStudentTests.xctest */,
			);
			name = Products;
			sourceTree = "<group>";
		};
		C7912FBC277479C20027600C /* GradeManager */ = {
			isa = PBXGroup;
			children = (
				C7912FBD277479C20027600C /* main.swift */,
				C245DE84277AA20F00DBBBD2 /* ScoreStorage.swift */,
				C245DE87277AA46400DBBBD2 /* ScoreManager.swift */,
				C2290FC5277C27AF00A1C3B9 /* FirstMenu.swift */,
			);
			path = GradeManager;
			sourceTree = "<group>";
		};
/* End PBXGroup section */

/* Begin PBXNativeTarget section */
		C245DE6F2779AB3000DBBBD2 /* FilterSelectionMenu */ = {
			isa = PBXNativeTarget;
			buildConfigurationList = C245DE762779AB3000DBBBD2 /* Build configuration list for PBXNativeTarget "FilterSelectionMenu" */;
			buildPhases = (
				C245DE6C2779AB3000DBBBD2 /* Sources */,
				C245DE6D2779AB3000DBBBD2 /* Frameworks */,
				C245DE6E2779AB3000DBBBD2 /* Resources */,
			);
			buildRules = (
			);
			dependencies = (
			);
			name = FilterSelectionMenu;
			productName = FilterSelectionMenu;
			productReference = C245DE702779AB3000DBBBD2 /* FilterSelectionMenu.xctest */;
			productType = "com.apple.product-type.bundle.unit-test";
		};
		C245DE7B277AA16C00DBBBD2 /* AddStudentTests */ = {
			isa = PBXNativeTarget;
			buildConfigurationList = C245DE80277AA16C00DBBBD2 /* Build configuration list for PBXNativeTarget "AddStudentTests" */;
			buildPhases = (
				C245DE78277AA16C00DBBBD2 /* Sources */,
				C245DE79277AA16C00DBBBD2 /* Frameworks */,
				C245DE7A277AA16C00DBBBD2 /* Resources */,
			);
			buildRules = (
			);
			dependencies = (
			);
			name = AddStudentTests;
			productName = AddStudentTests;
			productReference = C245DE7C277AA16C00DBBBD2 /* AddStudentTests.xctest */;
			productType = "com.apple.product-type.bundle.unit-test";
		};
		C245DE8D277AA55900DBBBD2 /* DeleteStudentTests */ = {
			isa = PBXNativeTarget;
			buildConfigurationList = C245DE92277AA55900DBBBD2 /* Build configuration list for PBXNativeTarget "DeleteStudentTests" */;
			buildPhases = (
				C245DE8A277AA55900DBBBD2 /* Sources */,
				C245DE8B277AA55900DBBBD2 /* Frameworks */,
				C245DE8C277AA55900DBBBD2 /* Resources */,
			);
			buildRules = (
			);
			dependencies = (
			);
			name = DeleteStudentTests;
			productName = DeleteStudentTests;
			productReference = C245DE8E277AA55900DBBBD2 /* DeleteStudentTests.xctest */;
			productType = "com.apple.product-type.bundle.unit-test";
		};
		C7912FB9277479C20027600C /* GradeManager */ = {
			isa = PBXNativeTarget;
			buildConfigurationList = C7912FC1277479C20027600C /* Build configuration list for PBXNativeTarget "GradeManager" */;
			buildPhases = (
				C7912FB6277479C20027600C /* Sources */,
				C7912FB7277479C20027600C /* Frameworks */,
				C7912FB8277479C20027600C /* CopyFiles */,
			);
			buildRules = (
			);
			dependencies = (
			);
			name = GradeManager;
			productName = GradeManager;
			productReference = C7912FBA277479C20027600C /* GradeManager */;
			productType = "com.apple.product-type.tool";
		};
/* End PBXNativeTarget section */

/* Begin PBXProject section */
		C7912FB2277479C20027600C /* Project object */ = {
			isa = PBXProject;
			attributes = {
				BuildIndependentTargetsInParallel = 1;
				LastSwiftUpdateCheck = 1310;
				LastUpgradeCheck = 1300;
				TargetAttributes = {
					C245DE6F2779AB3000DBBBD2 = {
						CreatedOnToolsVersion = 13.1;
					};
					C245DE7B277AA16C00DBBBD2 = {
						CreatedOnToolsVersion = 13.1;
					};
					C245DE8D277AA55900DBBBD2 = {
						CreatedOnToolsVersion = 13.1;
					};
					C7912FB9277479C20027600C = {
						CreatedOnToolsVersion = 13.0;
					};
				};
			};
			buildConfigurationList = C7912FB5277479C20027600C /* Build configuration list for PBXProject "GradeManager" */;
			compatibilityVersion = "Xcode 12.0";
			developmentRegion = en;
			hasScannedForEncodings = 0;
			knownRegions = (
				en,
				Base,
			);
			mainGroup = C7912FB1277479C20027600C;
			productRefGroup = C7912FBB277479C20027600C /* Products */;
			projectDirPath = "";
			projectRoot = "";
			targets = (
				C7912FB9277479C20027600C /* GradeManager */,
				C245DE6F2779AB3000DBBBD2 /* FilterSelectionMenu */,
				C245DE7B277AA16C00DBBBD2 /* AddStudentTests */,
				C245DE8D277AA55900DBBBD2 /* DeleteStudentTests */,
			);
		};
/* End PBXProject section */

/* Begin PBXResourcesBuildPhase section */
		C245DE6E2779AB3000DBBBD2 /* Resources */ = {
			isa = PBXResourcesBuildPhase;
			buildActionMask = 2147483647;
			files = (
			);
			runOnlyForDeploymentPostprocessing = 0;
		};
		C245DE7A277AA16C00DBBBD2 /* Resources */ = {
			isa = PBXResourcesBuildPhase;
			buildActionMask = 2147483647;
			files = (
			);
			runOnlyForDeploymentPostprocessing = 0;
		};
		C245DE8C277AA55900DBBBD2 /* Resources */ = {
			isa = PBXResourcesBuildPhase;
			buildActionMask = 2147483647;
			files = (
			);
			runOnlyForDeploymentPostprocessing = 0;
		};
/* End PBXResourcesBuildPhase section */

/* Begin PBXSourcesBuildPhase section */
		C245DE6C2779AB3000DBBBD2 /* Sources */ = {
			isa = PBXSourcesBuildPhase;
			buildActionMask = 2147483647;
			files = (
				C245DE89277AA49D00DBBBD2 /* ScoreManager.swift in Sources */,
				C2290FC7277C2D5700A1C3B9 /* FirstMenu.swift in Sources */,
				C245DE9A277AA7D400DBBBD2 /* ScoreStorage.swift in Sources */,
				C245DE772779AB3500DBBBD2 /* main.swift in Sources */,
				C245DE732779AB3000DBBBD2 /* CheckFirstMenuInput.swift in Sources */,
			);
			runOnlyForDeploymentPostprocessing = 0;
		};
		C245DE78277AA16C00DBBBD2 /* Sources */ = {
			isa = PBXSourcesBuildPhase;
			buildActionMask = 2147483647;
			files = (
				C245DE98277AA7D000DBBBD2 /* ScoreManager.swift in Sources */,
				C2290FC8277C2D5800A1C3B9 /* FirstMenu.swift in Sources */,
				C23A9D97277D551C0002D39E /* AddScoreTests.swift in Sources */,
				C245DE7F277AA16C00DBBBD2 /* AddStudentTests.swift in Sources */,
				C245DE86277AA21100DBBBD2 /* ScoreStorage.swift in Sources */,
				C245DE96277AA7CD00DBBBD2 /* main.swift in Sources */,
			);
			runOnlyForDeploymentPostprocessing = 0;
		};
		C245DE8A277AA55900DBBBD2 /* Sources */ = {
			isa = PBXSourcesBuildPhase;
			buildActionMask = 2147483647;
			files = (
				C245DE99277AA7D100DBBBD2 /* ScoreManager.swift in Sources */,
				C2290FC9277C2D5800A1C3B9 /* FirstMenu.swift in Sources */,
				C245DE91277AA55900DBBBD2 /* DeleteStudentTests.swift in Sources */,
				C245DE95277AA56100DBBBD2 /* ScoreStorage.swift in Sources */,
				C245DE97277AA7CD00DBBBD2 /* main.swift in Sources */,
			);
			runOnlyForDeploymentPostprocessing = 0;
		};
		C7912FB6277479C20027600C /* Sources */ = {
			isa = PBXSourcesBuildPhase;
			buildActionMask = 2147483647;
			files = (
				C245DE88277AA46400DBBBD2 /* ScoreManager.swift in Sources */,
				C7912FBE277479C20027600C /* main.swift in Sources */,
				C245DE85277AA20F00DBBBD2 /* ScoreStorage.swift in Sources */,
				C2290FC6277C27AF00A1C3B9 /* FirstMenu.swift in Sources */,
			);
			runOnlyForDeploymentPostprocessing = 0;
		};
/* End PBXSourcesBuildPhase section */

/* Begin XCBuildConfiguration section */
		C245DE742779AB3000DBBBD2 /* Debug */ = {
			isa = XCBuildConfiguration;
			buildSettings = {
				CODE_SIGN_STYLE = Automatic;
				COMBINE_HIDPI_IMAGES = YES;
				CURRENT_PROJECT_VERSION = 1;
				GENERATE_INFOPLIST_FILE = YES;
				LD_RUNPATH_SEARCH_PATHS = (
					"$(inherited)",
					"@executable_path/../Frameworks",
					"@loader_path/../Frameworks",
				);
				MACOSX_DEPLOYMENT_TARGET = 11.6;
				MARKETING_VERSION = 1.0;
				PRODUCT_BUNDLE_IDENTIFIER = com.hyunSu.FilterSelectionMenu;
				PRODUCT_NAME = "$(TARGET_NAME)";
				SWIFT_EMIT_LOC_STRINGS = NO;
				SWIFT_VERSION = 5.0;
			};
			name = Debug;
		};
		C245DE752779AB3000DBBBD2 /* Release */ = {
			isa = XCBuildConfiguration;
			buildSettings = {
				CODE_SIGN_STYLE = Automatic;
				COMBINE_HIDPI_IMAGES = YES;
				CURRENT_PROJECT_VERSION = 1;
				GENERATE_INFOPLIST_FILE = YES;
				LD_RUNPATH_SEARCH_PATHS = (
					"$(inherited)",
					"@executable_path/../Frameworks",
					"@loader_path/../Frameworks",
				);
				MACOSX_DEPLOYMENT_TARGET = 11.6;
				MARKETING_VERSION = 1.0;
				PRODUCT_BUNDLE_IDENTIFIER = com.hyunSu.FilterSelectionMenu;
				PRODUCT_NAME = "$(TARGET_NAME)";
				SWIFT_EMIT_LOC_STRINGS = NO;
				SWIFT_VERSION = 5.0;
			};
			name = Release;
		};
		C245DE81277AA16C00DBBBD2 /* Debug */ = {
			isa = XCBuildConfiguration;
			buildSettings = {
				CODE_SIGN_STYLE = Automatic;
				COMBINE_HIDPI_IMAGES = YES;
				CURRENT_PROJECT_VERSION = 1;
				GENERATE_INFOPLIST_FILE = YES;
				LD_RUNPATH_SEARCH_PATHS = (
					"$(inherited)",
					"@executable_path/../Frameworks",
					"@loader_path/../Frameworks",
				);
				MACOSX_DEPLOYMENT_TARGET = 11.6;
				MARKETING_VERSION = 1.0;
				PRODUCT_BUNDLE_IDENTIFIER = com.hyunSu.AddStudentTests;
				PRODUCT_NAME = "$(TARGET_NAME)";
				SWIFT_EMIT_LOC_STRINGS = NO;
				SWIFT_VERSION = 5.0;
			};
			name = Debug;
		};
		C245DE82277AA16C00DBBBD2 /* Release */ = {
			isa = XCBuildConfiguration;
			buildSettings = {
				CODE_SIGN_STYLE = Automatic;
				COMBINE_HIDPI_IMAGES = YES;
				CURRENT_PROJECT_VERSION = 1;
				GENERATE_INFOPLIST_FILE = YES;
				LD_RUNPATH_SEARCH_PATHS = (
					"$(inherited)",
					"@executable_path/../Frameworks",
					"@loader_path/../Frameworks",
				);
				MACOSX_DEPLOYMENT_TARGET = 11.6;
				MARKETING_VERSION = 1.0;
				PRODUCT_BUNDLE_IDENTIFIER = com.hyunSu.AddStudentTests;
				PRODUCT_NAME = "$(TARGET_NAME)";
				SWIFT_EMIT_LOC_STRINGS = NO;
				SWIFT_VERSION = 5.0;
			};
			name = Release;
		};
		C245DE93277AA55900DBBBD2 /* Debug */ = {
			isa = XCBuildConfiguration;
			buildSettings = {
				CODE_SIGN_STYLE = Automatic;
				COMBINE_HIDPI_IMAGES = YES;
				CURRENT_PROJECT_VERSION = 1;
				GENERATE_INFOPLIST_FILE = YES;
				LD_RUNPATH_SEARCH_PATHS = (
					"$(inherited)",
					"@executable_path/../Frameworks",
					"@loader_path/../Frameworks",
				);
				MACOSX_DEPLOYMENT_TARGET = 11.6;
				MARKETING_VERSION = 1.0;
				PRODUCT_BUNDLE_IDENTIFIER = com.hyunSu.DeleteStudentTests;
				PRODUCT_NAME = "$(TARGET_NAME)";
				SWIFT_EMIT_LOC_STRINGS = NO;
				SWIFT_VERSION = 5.0;
			};
			name = Debug;
		};
		C245DE94277AA55900DBBBD2 /* Release */ = {
			isa = XCBuildConfiguration;
			buildSettings = {
				CODE_SIGN_STYLE = Automatic;
				COMBINE_HIDPI_IMAGES = YES;
				CURRENT_PROJECT_VERSION = 1;
				GENERATE_INFOPLIST_FILE = YES;
				LD_RUNPATH_SEARCH_PATHS = (
					"$(inherited)",
					"@executable_path/../Frameworks",
					"@loader_path/../Frameworks",
				);
				MACOSX_DEPLOYMENT_TARGET = 11.6;
				MARKETING_VERSION = 1.0;
				PRODUCT_BUNDLE_IDENTIFIER = com.hyunSu.DeleteStudentTests;
				PRODUCT_NAME = "$(TARGET_NAME)";
				SWIFT_EMIT_LOC_STRINGS = NO;
				SWIFT_VERSION = 5.0;
			};
			name = Release;
		};
		C7912FBF277479C20027600C /* Debug */ = {
			isa = XCBuildConfiguration;
			buildSettings = {
				ALWAYS_SEARCH_USER_PATHS = NO;
				CLANG_ANALYZER_NONNULL = YES;
				CLANG_ANALYZER_NUMBER_OBJECT_CONVERSION = YES_AGGRESSIVE;
				CLANG_CXX_LANGUAGE_STANDARD = "gnu++17";
				CLANG_CXX_LIBRARY = "libc++";
				CLANG_ENABLE_MODULES = YES;
				CLANG_ENABLE_OBJC_ARC = YES;
				CLANG_ENABLE_OBJC_WEAK = YES;
				CLANG_WARN_BLOCK_CAPTURE_AUTORELEASING = YES;
				CLANG_WARN_BOOL_CONVERSION = YES;
				CLANG_WARN_COMMA = YES;
				CLANG_WARN_CONSTANT_CONVERSION = YES;
				CLANG_WARN_DEPRECATED_OBJC_IMPLEMENTATIONS = YES;
				CLANG_WARN_DIRECT_OBJC_ISA_USAGE = YES_ERROR;
				CLANG_WARN_DOCUMENTATION_COMMENTS = YES;
				CLANG_WARN_EMPTY_BODY = YES;
				CLANG_WARN_ENUM_CONVERSION = YES;
				CLANG_WARN_INFINITE_RECURSION = YES;
				CLANG_WARN_INT_CONVERSION = YES;
				CLANG_WARN_NON_LITERAL_NULL_CONVERSION = YES;
				CLANG_WARN_OBJC_IMPLICIT_RETAIN_SELF = YES;
				CLANG_WARN_OBJC_LITERAL_CONVERSION = YES;
				CLANG_WARN_OBJC_ROOT_CLASS = YES_ERROR;
				CLANG_WARN_QUOTED_INCLUDE_IN_FRAMEWORK_HEADER = YES;
				CLANG_WARN_RANGE_LOOP_ANALYSIS = YES;
				CLANG_WARN_STRICT_PROTOTYPES = YES;
				CLANG_WARN_SUSPICIOUS_MOVE = YES;
				CLANG_WARN_UNGUARDED_AVAILABILITY = YES_AGGRESSIVE;
				CLANG_WARN_UNREACHABLE_CODE = YES;
				CLANG_WARN__DUPLICATE_METHOD_MATCH = YES;
				COPY_PHASE_STRIP = NO;
				DEBUG_INFORMATION_FORMAT = dwarf;
				ENABLE_STRICT_OBJC_MSGSEND = YES;
				ENABLE_TESTABILITY = YES;
				GCC_C_LANGUAGE_STANDARD = gnu11;
				GCC_DYNAMIC_NO_PIC = NO;
				GCC_NO_COMMON_BLOCKS = YES;
				GCC_OPTIMIZATION_LEVEL = 0;
				GCC_PREPROCESSOR_DEFINITIONS = (
					"DEBUG=1",
					"$(inherited)",
				);
				GCC_WARN_64_TO_32_BIT_CONVERSION = YES;
				GCC_WARN_ABOUT_RETURN_TYPE = YES_ERROR;
				GCC_WARN_UNDECLARED_SELECTOR = YES;
				GCC_WARN_UNINITIALIZED_AUTOS = YES_AGGRESSIVE;
				GCC_WARN_UNUSED_FUNCTION = YES;
				GCC_WARN_UNUSED_VARIABLE = YES;
				MACOSX_DEPLOYMENT_TARGET = 11.3;
				MTL_ENABLE_DEBUG_INFO = INCLUDE_SOURCE;
				MTL_FAST_MATH = YES;
				ONLY_ACTIVE_ARCH = YES;
				SDKROOT = macosx;
				SWIFT_ACTIVE_COMPILATION_CONDITIONS = DEBUG;
				SWIFT_OPTIMIZATION_LEVEL = "-Onone";
			};
			name = Debug;
		};
		C7912FC0277479C20027600C /* Release */ = {
			isa = XCBuildConfiguration;
			buildSettings = {
				ALWAYS_SEARCH_USER_PATHS = NO;
				CLANG_ANALYZER_NONNULL = YES;
				CLANG_ANALYZER_NUMBER_OBJECT_CONVERSION = YES_AGGRESSIVE;
				CLANG_CXX_LANGUAGE_STANDARD = "gnu++17";
				CLANG_CXX_LIBRARY = "libc++";
				CLANG_ENABLE_MODULES = YES;
				CLANG_ENABLE_OBJC_ARC = YES;
				CLANG_ENABLE_OBJC_WEAK = YES;
				CLANG_WARN_BLOCK_CAPTURE_AUTORELEASING = YES;
				CLANG_WARN_BOOL_CONVERSION = YES;
				CLANG_WARN_COMMA = YES;
				CLANG_WARN_CONSTANT_CONVERSION = YES;
				CLANG_WARN_DEPRECATED_OBJC_IMPLEMENTATIONS = YES;
				CLANG_WARN_DIRECT_OBJC_ISA_USAGE = YES_ERROR;
				CLANG_WARN_DOCUMENTATION_COMMENTS = YES;
				CLANG_WARN_EMPTY_BODY = YES;
				CLANG_WARN_ENUM_CONVERSION = YES;
				CLANG_WARN_INFINITE_RECURSION = YES;
				CLANG_WARN_INT_CONVERSION = YES;
				CLANG_WARN_NON_LITERAL_NULL_CONVERSION = YES;
				CLANG_WARN_OBJC_IMPLICIT_RETAIN_SELF = YES;
				CLANG_WARN_OBJC_LITERAL_CONVERSION = YES;
				CLANG_WARN_OBJC_ROOT_CLASS = YES_ERROR;
				CLANG_WARN_QUOTED_INCLUDE_IN_FRAMEWORK_HEADER = YES;
				CLANG_WARN_RANGE_LOOP_ANALYSIS = YES;
				CLANG_WARN_STRICT_PROTOTYPES = YES;
				CLANG_WARN_SUSPICIOUS_MOVE = YES;
				CLANG_WARN_UNGUARDED_AVAILABILITY = YES_AGGRESSIVE;
				CLANG_WARN_UNREACHABLE_CODE = YES;
				CLANG_WARN__DUPLICATE_METHOD_MATCH = YES;
				COPY_PHASE_STRIP = NO;
				DEBUG_INFORMATION_FORMAT = "dwarf-with-dsym";
				ENABLE_NS_ASSERTIONS = NO;
				ENABLE_STRICT_OBJC_MSGSEND = YES;
				GCC_C_LANGUAGE_STANDARD = gnu11;
				GCC_NO_COMMON_BLOCKS = YES;
				GCC_WARN_64_TO_32_BIT_CONVERSION = YES;
				GCC_WARN_ABOUT_RETURN_TYPE = YES_ERROR;
				GCC_WARN_UNDECLARED_SELECTOR = YES;
				GCC_WARN_UNINITIALIZED_AUTOS = YES_AGGRESSIVE;
				GCC_WARN_UNUSED_FUNCTION = YES;
				GCC_WARN_UNUSED_VARIABLE = YES;
				MACOSX_DEPLOYMENT_TARGET = 11.3;
				MTL_ENABLE_DEBUG_INFO = NO;
				MTL_FAST_MATH = YES;
				SDKROOT = macosx;
				SWIFT_COMPILATION_MODE = wholemodule;
				SWIFT_OPTIMIZATION_LEVEL = "-O";
			};
			name = Release;
		};
		C7912FC2277479C20027600C /* Debug */ = {
			isa = XCBuildConfiguration;
			buildSettings = {
				CODE_SIGN_STYLE = Automatic;
				PRODUCT_NAME = "$(TARGET_NAME)";
				SWIFT_VERSION = 5.0;
			};
			name = Debug;
		};
		C7912FC3277479C20027600C /* Release */ = {
			isa = XCBuildConfiguration;
			buildSettings = {
				CODE_SIGN_STYLE = Automatic;
				PRODUCT_NAME = "$(TARGET_NAME)";
				SWIFT_VERSION = 5.0;
			};
			name = Release;
		};
/* End XCBuildConfiguration section */

/* Begin XCConfigurationList section */
		C245DE762779AB3000DBBBD2 /* Build configuration list for PBXNativeTarget "FilterSelectionMenu" */ = {
			isa = XCConfigurationList;
			buildConfigurations = (
				C245DE742779AB3000DBBBD2 /* Debug */,
				C245DE752779AB3000DBBBD2 /* Release */,
			);
			defaultConfigurationIsVisible = 0;
			defaultConfigurationName = Release;
		};
		C245DE80277AA16C00DBBBD2 /* Build configuration list for PBXNativeTarget "AddStudentTests" */ = {
			isa = XCConfigurationList;
			buildConfigurations = (
				C245DE81277AA16C00DBBBD2 /* Debug */,
				C245DE82277AA16C00DBBBD2 /* Release */,
			);
			defaultConfigurationIsVisible = 0;
			defaultConfigurationName = Release;
		};
		C245DE92277AA55900DBBBD2 /* Build configuration list for PBXNativeTarget "DeleteStudentTests" */ = {
			isa = XCConfigurationList;
			buildConfigurations = (
				C245DE93277AA55900DBBBD2 /* Debug */,
				C245DE94277AA55900DBBBD2 /* Release */,
			);
			defaultConfigurationIsVisible = 0;
			defaultConfigurationName = Release;
		};
		C7912FB5277479C20027600C /* Build configuration list for PBXProject "GradeManager" */ = {
			isa = XCConfigurationList;
			buildConfigurations = (
				C7912FBF277479C20027600C /* Debug */,
				C7912FC0277479C20027600C /* Release */,
			);
			defaultConfigurationIsVisible = 0;
			defaultConfigurationName = Release;
		};
		C7912FC1277479C20027600C /* Build configuration list for PBXNativeTarget "GradeManager" */ = {
			isa = XCConfigurationList;
			buildConfigurations = (
				C7912FC2277479C20027600C /* Debug */,
				C7912FC3277479C20027600C /* Release */,
			);
			defaultConfigurationIsVisible = 0;
			defaultConfigurationName = Release;
		};
/* End XCConfigurationList section */
	};
	rootObject = C7912FB2277479C20027600C /* Project object */;
}
