// !$*UTF8*$!
{
	archiveVersion = 1;
	classes = {
	};
	objectVersion = 54;
	objects = {

/* Begin PBXBuildFile section */
		C27533EC295A8017005F5868 /* GradeManagerTests.swift in Sources */ = {isa = PBXBuildFile; fileRef = C27533EB295A8017005F5868 /* GradeManagerTests.swift */; };
		C27533F3295AC04C005F5868 /* GradeManager.swift in Sources */ = {isa = PBXBuildFile; fileRef = C27533F2295AC04C005F5868 /* GradeManager.swift */; };
		C27533F4295AC057005F5868 /* GradeManager.swift in Sources */ = {isa = PBXBuildFile; fileRef = C27533F2295AC04C005F5868 /* GradeManager.swift */; };
		C27533F8295ACA33005F5868 /* Student.swift in Sources */ = {isa = PBXBuildFile; fileRef = C27533F7295ACA33005F5868 /* Student.swift */; };
		C7912FBE277479C20027600C /* main.swift in Sources */ = {isa = PBXBuildFile; fileRef = C7912FBD277479C20027600C /* main.swift */; };
		D764BA02295AC3BA007DDD23 /* MessageTemplate.swift in Sources */ = {isa = PBXBuildFile; fileRef = D764BA01295AC3BA007DDD23 /* MessageTemplate.swift */; };
		D766FF77295AD1BB0083BC41 /* Student.swift in Sources */ = {isa = PBXBuildFile; fileRef = C27533F7295ACA33005F5868 /* Student.swift */; };
		D766FF78295AD1BE0083BC41 /* MessageTemplate.swift in Sources */ = {isa = PBXBuildFile; fileRef = D764BA01295AC3BA007DDD23 /* MessageTemplate.swift */; };
/* End PBXBuildFile section */

/* Begin PBXCopyFilesBuildPhase section */
		C7912FB8277479C20027600C /* CopyFiles */ = {
			isa = PBXCopyFilesBuildPhase;
			buildActionMask = 2147483647;
			dstPath = /usr/share/man/man1/;
			dstSubfolderSpec = 0;
			files = (
			);
			runOnlyForDeploymentPostprocessing = 1;
		};
/* End PBXCopyFilesBuildPhase section */

/* Begin PBXFileReference section */
		C27533E9295A8017005F5868 /* GradeManagerTests.xctest */ = {isa = PBXFileReference; explicitFileType = wrapper.cfbundle; includeInIndex = 0; path = GradeManagerTests.xctest; sourceTree = BUILT_PRODUCTS_DIR; };
		C27533EB295A8017005F5868 /* GradeManagerTests.swift */ = {isa = PBXFileReference; lastKnownFileType = sourcecode.swift; path = GradeManagerTests.swift; sourceTree = "<group>"; };
		C27533F2295AC04C005F5868 /* GradeManager.swift */ = {isa = PBXFileReference; lastKnownFileType = sourcecode.swift; path = GradeManager.swift; sourceTree = "<group>"; };
		C27533F7295ACA33005F5868 /* Student.swift */ = {isa = PBXFileReference; lastKnownFileType = sourcecode.swift; path = Student.swift; sourceTree = "<group>"; };
		C7912FBA277479C20027600C /* GradeManager */ = {isa = PBXFileReference; explicitFileType = "compiled.mach-o.executable"; includeInIndex = 0; path = GradeManager; sourceTree = BUILT_PRODUCTS_DIR; };
		C7912FBD277479C20027600C /* main.swift */ = {isa = PBXFileReference; lastKnownFileType = sourcecode.swift; path = main.swift; sourceTree = "<group>"; };
		D764BA01295AC3BA007DDD23 /* MessageTemplate.swift */ = {isa = PBXFileReference; lastKnownFileType = sourcecode.swift; path = MessageTemplate.swift; sourceTree = "<group>"; };
/* End PBXFileReference section */

/* Begin PBXFrameworksBuildPhase section */
		C27533E6295A8017005F5868 /* Frameworks */ = {
			isa = PBXFrameworksBuildPhase;
			buildActionMask = 2147483647;
			files = (
			);
			runOnlyForDeploymentPostprocessing = 0;
		};
		C7912FB7277479C20027600C /* Frameworks */ = {
			isa = PBXFrameworksBuildPhase;
			buildActionMask = 2147483647;
			files = (
			);
			runOnlyForDeploymentPostprocessing = 0;
		};
/* End PBXFrameworksBuildPhase section */

/* Begin PBXGroup section */
		C27533EA295A8017005F5868 /* GradeManagerTests */ = {
			isa = PBXGroup;
			children = (
				C27533EB295A8017005F5868 /* GradeManagerTests.swift */,
			);
			path = GradeManagerTests;
			sourceTree = "<group>";
		};
		C7912FB1277479C20027600C = {
			isa = PBXGroup;
			children = (
				C7912FBC277479C20027600C /* GradeManager */,
				C27533EA295A8017005F5868 /* GradeManagerTests */,
				C7912FBB277479C20027600C /* Products */,
			);
			sourceTree = "<group>";
		};
		C7912FBB277479C20027600C /* Products */ = {
			isa = PBXGroup;
			children = (
				C7912FBA277479C20027600C /* GradeManager */,
				C27533E9295A8017005F5868 /* GradeManagerTests.xctest */,
			);
			name = Products;
			sourceTree = "<group>";
		};
		C7912FBC277479C20027600C /* GradeManager */ = {
			isa = PBXGroup;
			children = (
				C7912FBD277479C20027600C /* main.swift */,
				C27533F2295AC04C005F5868 /* GradeManager.swift */,
				D764BA01295AC3BA007DDD23 /* MessageTemplate.swift */,
				C27533F7295ACA33005F5868 /* Student.swift */,
			);
			path = GradeManager;
			sourceTree = "<group>";
		};
/* End PBXGroup section */

/* Begin PBXNativeTarget section */
		C27533E8295A8017005F5868 /* GradeManagerTests */ = {
			isa = PBXNativeTarget;
			buildConfigurationList = C27533EF295A8017005F5868 /* Build configuration list for PBXNativeTarget "GradeManagerTests" */;
			buildPhases = (
				C27533E5295A8017005F5868 /* Sources */,
				C27533E6295A8017005F5868 /* Frameworks */,
				C27533E7295A8017005F5868 /* Resources */,
			);
			buildRules = (
			);
			dependencies = (
			);
			name = GradeManagerTests;
			productName = GradeManagerTests;
			productReference = C27533E9295A8017005F5868 /* GradeManagerTests.xctest */;
			productType = "com.apple.product-type.bundle.unit-test";
		};
		C7912FB9277479C20027600C /* GradeManager */ = {
			isa = PBXNativeTarget;
			buildConfigurationList = C7912FC1277479C20027600C /* Build configuration list for PBXNativeTarget "GradeManager" */;
			buildPhases = (
				C7912FB6277479C20027600C /* Sources */,
				C7912FB7277479C20027600C /* Frameworks */,
				C7912FB8277479C20027600C /* CopyFiles */,
			);
			buildRules = (
			);
			dependencies = (
			);
			name = GradeManager;
			productName = GradeManager;
			productReference = C7912FBA277479C20027600C /* GradeManager */;
			productType = "com.apple.product-type.tool";
		};
/* End PBXNativeTarget section */

/* Begin PBXProject section */
		C7912FB2277479C20027600C /* Project object */ = {
			isa = PBXProject;
			attributes = {
				BuildIndependentTargetsInParallel = 1;
				LastSwiftUpdateCheck = 1410;
				LastUpgradeCheck = 1300;
				TargetAttributes = {
					C27533E8295A8017005F5868 = {
						CreatedOnToolsVersion = 14.1;
					};
					C7912FB9277479C20027600C = {
						CreatedOnToolsVersion = 13.0;
					};
				};
			};
			buildConfigurationList = C7912FB5277479C20027600C /* Build configuration list for PBXProject "GradeManager" */;
			compatibilityVersion = "Xcode 12.0";
			developmentRegion = en;
			hasScannedForEncodings = 0;
			knownRegions = (
				en,
				Base,
			);
			mainGroup = C7912FB1277479C20027600C;
			productRefGroup = C7912FBB277479C20027600C /* Products */;
			projectDirPath = "";
			projectRoot = "";
			targets = (
				C7912FB9277479C20027600C /* GradeManager */,
				C27533E8295A8017005F5868 /* GradeManagerTests */,
			);
		};
/* End PBXProject section */

/* Begin PBXResourcesBuildPhase section */
		C27533E7295A8017005F5868 /* Resources */ = {
			isa = PBXResourcesBuildPhase;
			buildActionMask = 2147483647;
			files = (
			);
			runOnlyForDeploymentPostprocessing = 0;
		};
/* End PBXResourcesBuildPhase section */

/* Begin PBXSourcesBuildPhase section */
		C27533E5295A8017005F5868 /* Sources */ = {
			isa = PBXSourcesBuildPhase;
			buildActionMask = 2147483647;
			files = (
				C27533EC295A8017005F5868 /* GradeManagerTests.swift in Sources */,
				D766FF78295AD1BE0083BC41 /* MessageTemplate.swift in Sources */,
				D766FF77295AD1BB0083BC41 /* Student.swift in Sources */,
				C27533F4295AC057005F5868 /* GradeManager.swift in Sources */,
			);
			runOnlyForDeploymentPostprocessing = 0;
		};
		C7912FB6277479C20027600C /* Sources */ = {
			isa = PBXSourcesBuildPhase;
			buildActionMask = 2147483647;
			files = (
				C7912FBE277479C20027600C /* main.swift in Sources */,
				C27533F3295AC04C005F5868 /* GradeManager.swift in Sources */,
				D764BA02295AC3BA007DDD23 /* MessageTemplate.swift in Sources */,
				C27533F8295ACA33005F5868 /* Student.swift in Sources */,
			);
			runOnlyForDeploymentPostprocessing = 0;
		};
/* End PBXSourcesBuildPhase section */

/* Begin XCBuildConfiguration section */
		C27533ED295A8017005F5868 /* Debug */ = {
			isa = XCBuildConfiguration;
			buildSettings = {
				CLANG_CXX_LANGUAGE_STANDARD = "gnu++20";
				CODE_SIGN_STYLE = Automatic;
				CURRENT_PROJECT_VERSION = 1;
				GENERATE_INFOPLIST_FILE = YES;
				MACOSX_DEPLOYMENT_TARGET = 13.0;
				MARKETING_VERSION = 1.0;
				PRODUCT_BUNDLE_IDENTIFIER = forest.jay.GradeManagerTests;
				PRODUCT_NAME = "$(TARGET_NAME)";
				SWIFT_EMIT_LOC_STRINGS = NO;
				SWIFT_VERSION = 5.0;
			};
			name = Debug;
		};
		C27533EE295A8017005F5868 /* Release */ = {
			isa = XCBuildConfiguration;
			buildSettings = {
				CLANG_CXX_LANGUAGE_STANDARD = "gnu++20";
				CODE_SIGN_STYLE = Automatic;
				CURRENT_PROJECT_VERSION = 1;
				GENERATE_INFOPLIST_FILE = YES;
				MACOSX_DEPLOYMENT_TARGET = 13.0;
				MARKETING_VERSION = 1.0;
				PRODUCT_BUNDLE_IDENTIFIER = forest.jay.GradeManagerTests;
				PRODUCT_NAME = "$(TARGET_NAME)";
				SWIFT_EMIT_LOC_STRINGS = NO;
				SWIFT_VERSION = 5.0;
			};
			name = Release;
		};
		C7912FBF277479C20027600C /* Debug */ = {
			isa = XCBuildConfiguration;
			buildSettings = {
				ALWAYS_SEARCH_USER_PATHS = NO;
				CLANG_ANALYZER_NONNULL = YES;
				CLANG_ANALYZER_NUMBER_OBJECT_CONVERSION = YES_AGGRESSIVE;
				CLANG_CXX_LANGUAGE_STANDARD = "gnu++17";
				CLANG_CXX_LIBRARY = "libc++";
				CLANG_ENABLE_MODULES = YES;
				CLANG_ENABLE_OBJC_ARC = YES;
				CLANG_ENABLE_OBJC_WEAK = YES;
				CLANG_WARN_BLOCK_CAPTURE_AUTORELEASING = YES;
				CLANG_WARN_BOOL_CONVERSION = YES;
				CLANG_WARN_COMMA = YES;
				CLANG_WARN_CONSTANT_CONVERSION = YES;
				CLANG_WARN_DEPRECATED_OBJC_IMPLEMENTATIONS = YES;
				CLANG_WARN_DIRECT_OBJC_ISA_USAGE = YES_ERROR;
				CLANG_WARN_DOCUMENTATION_COMMENTS = YES;
				CLANG_WARN_EMPTY_BODY = YES;
				CLANG_WARN_ENUM_CONVERSION = YES;
				CLANG_WARN_INFINITE_RECURSION = YES;
				CLANG_WARN_INT_CONVERSION = YES;
				CLANG_WARN_NON_LITERAL_NULL_CONVERSION = YES;
				CLANG_WARN_OBJC_IMPLICIT_RETAIN_SELF = YES;
				CLANG_WARN_OBJC_LITERAL_CONVERSION = YES;
				CLANG_WARN_OBJC_ROOT_CLASS = YES_ERROR;
				CLANG_WARN_QUOTED_INCLUDE_IN_FRAMEWORK_HEADER = YES;
				CLANG_WARN_RANGE_LOOP_ANALYSIS = YES;
				CLANG_WARN_STRICT_PROTOTYPES = YES;
				CLANG_WARN_SUSPICIOUS_MOVE = YES;
				CLANG_WARN_UNGUARDED_AVAILABILITY = YES_AGGRESSIVE;
				CLANG_WARN_UNREACHABLE_CODE = YES;
				CLANG_WARN__DUPLICATE_METHOD_MATCH = YES;
				COPY_PHASE_STRIP = NO;
				DEBUG_INFORMATION_FORMAT = dwarf;
				ENABLE_STRICT_OBJC_MSGSEND = YES;
				ENABLE_TESTABILITY = YES;
				GCC_C_LANGUAGE_STANDARD = gnu11;
				GCC_DYNAMIC_NO_PIC = NO;
				GCC_NO_COMMON_BLOCKS = YES;
				GCC_OPTIMIZATION_LEVEL = 0;
				GCC_PREPROCESSOR_DEFINITIONS = (
					"DEBUG=1",
					"$(inherited)",
				);
				GCC_WARN_64_TO_32_BIT_CONVERSION = YES;
				GCC_WARN_ABOUT_RETURN_TYPE = YES_ERROR;
				GCC_WARN_UNDECLARED_SELECTOR = YES;
				GCC_WARN_UNINITIALIZED_AUTOS = YES_AGGRESSIVE;
				GCC_WARN_UNUSED_FUNCTION = YES;
				GCC_WARN_UNUSED_VARIABLE = YES;
				MACOSX_DEPLOYMENT_TARGET = 11.3;
				MTL_ENABLE_DEBUG_INFO = INCLUDE_SOURCE;
				MTL_FAST_MATH = YES;
				ONLY_ACTIVE_ARCH = YES;
				SDKROOT = macosx;
				SWIFT_ACTIVE_COMPILATION_CONDITIONS = DEBUG;
				SWIFT_OPTIMIZATION_LEVEL = "-Onone";
			};
			name = Debug;
		};
		C7912FC0277479C20027600C /* Release */ = {
			isa = XCBuildConfiguration;
			buildSettings = {
				ALWAYS_SEARCH_USER_PATHS = NO;
				CLANG_ANALYZER_NONNULL = YES;
				CLANG_ANALYZER_NUMBER_OBJECT_CONVERSION = YES_AGGRESSIVE;
				CLANG_CXX_LANGUAGE_STANDARD = "gnu++17";
				CLANG_CXX_LIBRARY = "libc++";
				CLANG_ENABLE_MODULES = YES;
				CLANG_ENABLE_OBJC_ARC = YES;
				CLANG_ENABLE_OBJC_WEAK = YES;
				CLANG_WARN_BLOCK_CAPTURE_AUTORELEASING = YES;
				CLANG_WARN_BOOL_CONVERSION = YES;
				CLANG_WARN_COMMA = YES;
				CLANG_WARN_CONSTANT_CONVERSION = YES;
				CLANG_WARN_DEPRECATED_OBJC_IMPLEMENTATIONS = YES;
				CLANG_WARN_DIRECT_OBJC_ISA_USAGE = YES_ERROR;
				CLANG_WARN_DOCUMENTATION_COMMENTS = YES;
				CLANG_WARN_EMPTY_BODY = YES;
				CLANG_WARN_ENUM_CONVERSION = YES;
				CLANG_WARN_INFINITE_RECURSION = YES;
				CLANG_WARN_INT_CONVERSION = YES;
				CLANG_WARN_NON_LITERAL_NULL_CONVERSION = YES;
				CLANG_WARN_OBJC_IMPLICIT_RETAIN_SELF = YES;
				CLANG_WARN_OBJC_LITERAL_CONVERSION = YES;
				CLANG_WARN_OBJC_ROOT_CLASS = YES_ERROR;
				CLANG_WARN_QUOTED_INCLUDE_IN_FRAMEWORK_HEADER = YES;
				CLANG_WARN_RANGE_LOOP_ANALYSIS = YES;
				CLANG_WARN_STRICT_PROTOTYPES = YES;
				CLANG_WARN_SUSPICIOUS_MOVE = YES;
				CLANG_WARN_UNGUARDED_AVAILABILITY = YES_AGGRESSIVE;
				CLANG_WARN_UNREACHABLE_CODE = YES;
				CLANG_WARN__DUPLICATE_METHOD_MATCH = YES;
				COPY_PHASE_STRIP = NO;
				DEBUG_INFORMATION_FORMAT = "dwarf-with-dsym";
				ENABLE_NS_ASSERTIONS = NO;
				ENABLE_STRICT_OBJC_MSGSEND = YES;
				GCC_C_LANGUAGE_STANDARD = gnu11;
				GCC_NO_COMMON_BLOCKS = YES;
				GCC_WARN_64_TO_32_BIT_CONVERSION = YES;
				GCC_WARN_ABOUT_RETURN_TYPE = YES_ERROR;
				GCC_WARN_UNDECLARED_SELECTOR = YES;
				GCC_WARN_UNINITIALIZED_AUTOS = YES_AGGRESSIVE;
				GCC_WARN_UNUSED_FUNCTION = YES;
				GCC_WARN_UNUSED_VARIABLE = YES;
				MACOSX_DEPLOYMENT_TARGET = 11.3;
				MTL_ENABLE_DEBUG_INFO = NO;
				MTL_FAST_MATH = YES;
				SDKROOT = macosx;
				SWIFT_COMPILATION_MODE = wholemodule;
				SWIFT_OPTIMIZATION_LEVEL = "-O";
			};
			name = Release;
		};
		C7912FC2277479C20027600C /* Debug */ = {
			isa = XCBuildConfiguration;
			buildSettings = {
				CODE_SIGN_STYLE = Automatic;
				PRODUCT_NAME = "$(TARGET_NAME)";
				SWIFT_VERSION = 5.0;
			};
			name = Debug;
		};
		C7912FC3277479C20027600C /* Release */ = {
			isa = XCBuildConfiguration;
			buildSettings = {
				CODE_SIGN_STYLE = Automatic;
				PRODUCT_NAME = "$(TARGET_NAME)";
				SWIFT_VERSION = 5.0;
			};
			name = Release;
		};
/* End XCBuildConfiguration section */

/* Begin XCConfigurationList section */
		C27533EF295A8017005F5868 /* Build configuration list for PBXNativeTarget "GradeManagerTests" */ = {
			isa = XCConfigurationList;
			buildConfigurations = (
				C27533ED295A8017005F5868 /* Debug */,
				C27533EE295A8017005F5868 /* Release */,
			);
			defaultConfigurationIsVisible = 0;
			defaultConfigurationName = Release;
		};
		C7912FB5277479C20027600C /* Build configuration list for PBXProject "GradeManager" */ = {
			isa = XCConfigurationList;
			buildConfigurations = (
				C7912FBF277479C20027600C /* Debug */,
				C7912FC0277479C20027600C /* Release */,
			);
			defaultConfigurationIsVisible = 0;
			defaultConfigurationName = Release;
		};
		C7912FC1277479C20027600C /* Build configuration list for PBXNativeTarget "GradeManager" */ = {
			isa = XCConfigurationList;
			buildConfigurations = (
				C7912FC2277479C20027600C /* Debug */,
				C7912FC3277479C20027600C /* Release */,
			);
			defaultConfigurationIsVisible = 0;
			defaultConfigurationName = Release;
		};
/* End XCConfigurationList section */
	};
	rootObject = C7912FB2277479C20027600C /* Project object */;
}
